// !$*UTF8*$!
{
	archiveVersion = 1;
	classes = {
	};
	objectVersion = 50;
	objects = {

/* Begin PBXBuildFile section */
		392566A74A8F41180EC737AE /* Pods_GoogleAds.framework in Frameworks */ = {isa = PBXBuildFile; fileRef = 7DB6C0E9F66AF3516D2967F3 /* Pods_GoogleAds.framework */; };
		570AC849224DAD8C00F707DD /* AppDelegate.swift in Sources */ = {isa = PBXBuildFile; fileRef = 570AC848224DAD8C00F707DD /* AppDelegate.swift */; };
		570AC84B224DAD8C00F707DD /* ViewController.swift in Sources */ = {isa = PBXBuildFile; fileRef = 570AC84A224DAD8C00F707DD /* ViewController.swift */; };
		570AC84E224DAD8C00F707DD /* Main.storyboard in Resources */ = {isa = PBXBuildFile; fileRef = 570AC84C224DAD8C00F707DD /* Main.storyboard */; };
		570AC850224DAD8E00F707DD /* Assets.xcassets in Resources */ = {isa = PBXBuildFile; fileRef = 570AC84F224DAD8E00F707DD /* Assets.xcassets */; };
		570AC853224DAD8E00F707DD /* LaunchScreen.storyboard in Resources */ = {isa = PBXBuildFile; fileRef = 570AC851224DAD8E00F707DD /* LaunchScreen.storyboard */; };
/* End PBXBuildFile section */

/* Begin PBXFileReference section */
		07BCDA6E4FDF8E23033BA712 /* Pods-GoogleAds.debug.xcconfig */ = {isa = PBXFileReference; includeInIndex = 1; lastKnownFileType = text.xcconfig; name = "Pods-GoogleAds.debug.xcconfig"; path = "Pods/Target Support Files/Pods-GoogleAds/Pods-GoogleAds.debug.xcconfig"; sourceTree = "<group>"; };
		570AC845224DAD8C00F707DD /* GoogleAds.app */ = {isa = PBXFileReference; explicitFileType = wrapper.application; includeInIndex = 0; path = GoogleAds.app; sourceTree = BUILT_PRODUCTS_DIR; };
		570AC848224DAD8C00F707DD /* AppDelegate.swift */ = {isa = PBXFileReference; lastKnownFileType = sourcecode.swift; path = AppDelegate.swift; sourceTree = "<group>"; };
		570AC84A224DAD8C00F707DD /* ViewController.swift */ = {isa = PBXFileReference; lastKnownFileType = sourcecode.swift; path = ViewController.swift; sourceTree = "<group>"; };
		570AC84D224DAD8C00F707DD /* Base */ = {isa = PBXFileReference; lastKnownFileType = file.storyboard; name = Base; path = Base.lproj/Main.storyboard; sourceTree = "<group>"; };
		570AC84F224DAD8E00F707DD /* Assets.xcassets */ = {isa = PBXFileReference; lastKnownFileType = folder.assetcatalog; path = Assets.xcassets; sourceTree = "<group>"; };
		570AC852224DAD8E00F707DD /* Base */ = {isa = PBXFileReference; lastKnownFileType = file.storyboard; name = Base; path = Base.lproj/LaunchScreen.storyboard; sourceTree = "<group>"; };
		570AC854224DAD8E00F707DD /* Info.plist */ = {isa = PBXFileReference; lastKnownFileType = text.plist.xml; path = Info.plist; sourceTree = "<group>"; };
		7DB6C0E9F66AF3516D2967F3 /* Pods_GoogleAds.framework */ = {isa = PBXFileReference; explicitFileType = wrapper.framework; includeInIndex = 0; path = Pods_GoogleAds.framework; sourceTree = BUILT_PRODUCTS_DIR; };
		C475110C2626300FEA8F41D2 /* Pods-GoogleAds.release.xcconfig */ = {isa = PBXFileReference; includeInIndex = 1; lastKnownFileType = text.xcconfig; name = "Pods-GoogleAds.release.xcconfig"; path = "Pods/Target Support Files/Pods-GoogleAds/Pods-GoogleAds.release.xcconfig"; sourceTree = "<group>"; };
/* End PBXFileReference section */

/* Begin PBXFrameworksBuildPhase section */
		570AC842224DAD8C00F707DD /* Frameworks */ = {
			isa = PBXFrameworksBuildPhase;
			buildActionMask = 2147483647;
			files = (
				392566A74A8F41180EC737AE /* Pods_GoogleAds.framework in Frameworks */,
			);
			runOnlyForDeploymentPostprocessing = 0;
		};
/* End PBXFrameworksBuildPhase section */

/* Begin PBXGroup section */
		0033DF22EB6FB57E43B23F5A /* Frameworks */ = {
			isa = PBXGroup;
			children = (
				7DB6C0E9F66AF3516D2967F3 /* Pods_GoogleAds.framework */,
			);
			name = Frameworks;
			sourceTree = "<group>";
		};
		33B4C1B89F5C51069CCD0CF7 /* Pods */ = {
			isa = PBXGroup;
			children = (
				07BCDA6E4FDF8E23033BA712 /* Pods-GoogleAds.debug.xcconfig */,
				C475110C2626300FEA8F41D2 /* Pods-GoogleAds.release.xcconfig */,
			);
			name = Pods;
			sourceTree = "<group>";
		};
		570AC83C224DAD8C00F707DD = {
			isa = PBXGroup;
			children = (
				570AC847224DAD8C00F707DD /* GoogleAds */,
				570AC846224DAD8C00F707DD /* Products */,
				33B4C1B89F5C51069CCD0CF7 /* Pods */,
				0033DF22EB6FB57E43B23F5A /* Frameworks */,
			);
			sourceTree = "<group>";
		};
		570AC846224DAD8C00F707DD /* Products */ = {
			isa = PBXGroup;
			children = (
				570AC845224DAD8C00F707DD /* GoogleAds.app */,
			);
			name = Products;
			sourceTree = "<group>";
		};
		570AC847224DAD8C00F707DD /* GoogleAds */ = {
			isa = PBXGroup;
			children = (
				570AC848224DAD8C00F707DD /* AppDelegate.swift */,
				570AC84A224DAD8C00F707DD /* ViewController.swift */,
				570AC84C224DAD8C00F707DD /* Main.storyboard */,
				570AC84F224DAD8E00F707DD /* Assets.xcassets */,
				570AC851224DAD8E00F707DD /* LaunchScreen.storyboard */,
				570AC854224DAD8E00F707DD /* Info.plist */,
			);
			path = GoogleAds;
			sourceTree = "<group>";
		};
/* End PBXGroup section */

/* Begin PBXNativeTarget section */
		570AC844224DAD8C00F707DD /* GoogleAds */ = {
			isa = PBXNativeTarget;
			buildConfigurationList = 570AC857224DAD8E00F707DD /* Build configuration list for PBXNativeTarget "GoogleAds" */;
			buildPhases = (
				6B0C329DCA9B9C431DD7AACF /* [CP] Check Pods Manifest.lock */,
				570AC841224DAD8C00F707DD /* Sources */,
				570AC842224DAD8C00F707DD /* Frameworks */,
				570AC843224DAD8C00F707DD /* Resources */,
				7550D1D7F6169D8ECF23C81C /* [CP] Embed Pods Frameworks */,
				424764BCF65479C97797F037 /* [CP] Copy Pods Resources */,
			);
			buildRules = (
			);
			dependencies = (
			);
			name = GoogleAds;
			productName = GoogleAds;
			productReference = 570AC845224DAD8C00F707DD /* GoogleAds.app */;
			productType = "com.apple.product-type.application";
		};
/* End PBXNativeTarget section */

/* Begin PBXProject section */
		570AC83D224DAD8C00F707DD /* Project object */ = {
			isa = PBXProject;
			attributes = {
				LastSwiftUpdateCheck = 1020;
				LastUpgradeCheck = 1020;
				ORGANIZATIONNAME = Ssky;
				TargetAttributes = {
					570AC844224DAD8C00F707DD = {
						CreatedOnToolsVersion = 10.2;
					};
				};
			};
			buildConfigurationList = 570AC840224DAD8C00F707DD /* Build configuration list for PBXProject "GoogleAds" */;
			compatibilityVersion = "Xcode 9.3";
			developmentRegion = en;
			hasScannedForEncodings = 0;
			knownRegions = (
				en,
				Base,
			);
			mainGroup = 570AC83C224DAD8C00F707DD;
			productRefGroup = 570AC846224DAD8C00F707DD /* Products */;
			projectDirPath = "";
			projectRoot = "";
			targets = (
				570AC844224DAD8C00F707DD /* GoogleAds */,
			);
		};
/* End PBXProject section */

/* Begin PBXResourcesBuildPhase section */
		570AC843224DAD8C00F707DD /* Resources */ = {
			isa = PBXResourcesBuildPhase;
			buildActionMask = 2147483647;
			files = (
				570AC853224DAD8E00F707DD /* LaunchScreen.storyboard in Resources */,
				570AC850224DAD8E00F707DD /* Assets.xcassets in Resources */,
				570AC84E224DAD8C00F707DD /* Main.storyboard in Resources */,
			);
			runOnlyForDeploymentPostprocessing = 0;
		};
/* End PBXResourcesBuildPhase section */

/* Begin PBXShellScriptBuildPhase section */
		424764BCF65479C97797F037 /* [CP] Copy Pods Resources */ = {
			isa = PBXShellScriptBuildPhase;
			buildActionMask = 2147483647;
			files = (
			);
			inputPaths = (
			);
			name = "[CP] Copy Pods Resources";
			outputPaths = (
			);
			runOnlyForDeploymentPostprocessing = 0;
			shellPath = /bin/sh;
			shellScript = "\"${SRCROOT}/Pods/Target Support Files/Pods-GoogleAds/Pods-GoogleAds-resources.sh\"\n";
			showEnvVarsInLog = 0;
		};
		6B0C329DCA9B9C431DD7AACF /* [CP] Check Pods Manifest.lock */ = {
			isa = PBXShellScriptBuildPhase;
			buildActionMask = 2147483647;
			files = (
			);
			inputPaths = (
				"${PODS_PODFILE_DIR_PATH}/Podfile.lock",
				"${PODS_ROOT}/Manifest.lock",
			);
			name = "[CP] Check Pods Manifest.lock";
			outputPaths = (
				"$(DERIVED_FILE_DIR)/Pods-GoogleAds-checkManifestLockResult.txt",
			);
			runOnlyForDeploymentPostprocessing = 0;
			shellPath = /bin/sh;
			shellScript = "diff \"${PODS_PODFILE_DIR_PATH}/Podfile.lock\" \"${PODS_ROOT}/Manifest.lock\" > /dev/null\nif [ $? != 0 ] ; then\n    # print error to STDERR\n    echo \"error: The sandbox is not in sync with the Podfile.lock. Run 'pod install' or update your CocoaPods installation.\" >&2\n    exit 1\nfi\n# This output is used by Xcode 'outputs' to avoid re-running this script phase.\necho \"SUCCESS\" > \"${SCRIPT_OUTPUT_FILE_0}\"\n";
			showEnvVarsInLog = 0;
		};
		7550D1D7F6169D8ECF23C81C /* [CP] Embed Pods Frameworks */ = {
			isa = PBXShellScriptBuildPhase;
			buildActionMask = 2147483647;
			files = (
			);
			inputPaths = (
				"${SRCROOT}/Pods/Target Support Files/Pods-GoogleAds/Pods-GoogleAds-frameworks.sh",
				"${PODS_ROOT}/GoogleAds-IMA-iOS-SDK/GoogleInteractiveMediaAds.framework",
			);
			name = "[CP] Embed Pods Frameworks";
			outputPaths = (
				"${TARGET_BUILD_DIR}/${FRAMEWORKS_FOLDER_PATH}/GoogleInteractiveMediaAds.framework",
			);
			runOnlyForDeploymentPostprocessing = 0;
			shellPath = /bin/sh;
			shellScript = "\"${SRCROOT}/Pods/Target Support Files/Pods-GoogleAds/Pods-GoogleAds-frameworks.sh\"\n";
			showEnvVarsInLog = 0;
		};
/* End PBXShellScriptBuildPhase section */

/* Begin PBXSourcesBuildPhase section */
		570AC841224DAD8C00F707DD /* Sources */ = {
			isa = PBXSourcesBuildPhase;
			buildActionMask = 2147483647;
			files = (
				570AC84B224DAD8C00F707DD /* ViewController.swift in Sources */,
				570AC849224DAD8C00F707DD /* AppDelegate.swift in Sources */,
			);
			runOnlyForDeploymentPostprocessing = 0;
		};
/* End PBXSourcesBuildPhase section */

/* Begin PBXVariantGroup section */
		570AC84C224DAD8C00F707DD /* Main.storyboard */ = {
			isa = PBXVariantGroup;
			children = (
				570AC84D224DAD8C00F707DD /* Base */,
			);
			name = Main.storyboard;
			sourceTree = "<group>";
		};
		570AC851224DAD8E00F707DD /* LaunchScreen.storyboard */ = {
			isa = PBXVariantGroup;
			children = (
				570AC852224DAD8E00F707DD /* Base */,
			);
			name = LaunchScreen.storyboard;
			sourceTree = "<group>";
		};
/* End PBXVariantGroup section */

/* Begin XCBuildConfiguration section */
		570AC855224DAD8E00F707DD /* Debug */ = {
			isa = XCBuildConfiguration;
			buildSettings = {
				ALWAYS_SEARCH_USER_PATHS = NO;
				CLANG_ANALYZER_NONNULL = YES;
				CLANG_ANALYZER_NUMBER_OBJECT_CONVERSION = YES_AGGRESSIVE;
				CLANG_CXX_LANGUAGE_STANDARD = "gnu++14";
				CLANG_CXX_LIBRARY = "libc++";
				CLANG_ENABLE_MODULES = YES;
				CLANG_ENABLE_OBJC_ARC = YES;
				CLANG_ENABLE_OBJC_WEAK = YES;
				CLANG_WARN_BLOCK_CAPTURE_AUTORELEASING = YES;
				CLANG_WARN_BOOL_CONVERSION = YES;
				CLANG_WARN_COMMA = YES;
				CLANG_WARN_CONSTANT_CONVERSION = YES;
				CLANG_WARN_DEPRECATED_OBJC_IMPLEMENTATIONS = YES;
				CLANG_WARN_DIRECT_OBJC_ISA_USAGE = YES_ERROR;
				CLANG_WARN_DOCUMENTATION_COMMENTS = YES;
				CLANG_WARN_EMPTY_BODY = YES;
				CLANG_WARN_ENUM_CONVERSION = YES;
				CLANG_WARN_INFINITE_RECURSION = YES;
				CLANG_WARN_INT_CONVERSION = YES;
				CLANG_WARN_NON_LITERAL_NULL_CONVERSION = YES;
				CLANG_WARN_OBJC_IMPLICIT_RETAIN_SELF = YES;
				CLANG_WARN_OBJC_LITERAL_CONVERSION = YES;
				CLANG_WARN_OBJC_ROOT_CLASS = YES_ERROR;
				CLANG_WARN_RANGE_LOOP_ANALYSIS = YES;
				CLANG_WARN_STRICT_PROTOTYPES = YES;
				CLANG_WARN_SUSPICIOUS_MOVE = YES;
				CLANG_WARN_UNGUARDED_AVAILABILITY = YES_AGGRESSIVE;
				CLANG_WARN_UNREACHABLE_CODE = YES;
				CLANG_WARN__DUPLICATE_METHOD_MATCH = YES;
				CODE_SIGN_IDENTITY = "iPhone Developer";
				COPY_PHASE_STRIP = NO;
				DEBUG_INFORMATION_FORMAT = dwarf;
				ENABLE_STRICT_OBJC_MSGSEND = YES;
				ENABLE_TESTABILITY = YES;
				GCC_C_LANGUAGE_STANDARD = gnu11;
				GCC_DYNAMIC_NO_PIC = NO;
				GCC_NO_COMMON_BLOCKS = YES;
				GCC_OPTIMIZATION_LEVEL = 0;
				GCC_PREPROCESSOR_DEFINITIONS = (
					"DEBUG=1",
					"$(inherited)",
				);
				GCC_WARN_64_TO_32_BIT_CONVERSION = YES;
				GCC_WARN_ABOUT_RETURN_TYPE = YES_ERROR;
				GCC_WARN_UNDECLARED_SELECTOR = YES;
				GCC_WARN_UNINITIALIZED_AUTOS = YES_AGGRESSIVE;
				GCC_WARN_UNUSED_FUNCTION = YES;
				GCC_WARN_UNUSED_VARIABLE = YES;
				IPHONEOS_DEPLOYMENT_TARGET = 12.2;
				MTL_ENABLE_DEBUG_INFO = INCLUDE_SOURCE;
				MTL_FAST_MATH = YES;
				ONLY_ACTIVE_ARCH = YES;
				SDKROOT = iphoneos;
				SWIFT_ACTIVE_COMPILATION_CONDITIONS = DEBUG;
				SWIFT_OPTIMIZATION_LEVEL = "-Onone";
			};
			name = Debug;
		};
		570AC856224DAD8E00F707DD /* Release */ = {
			isa = XCBuildConfiguration;
			buildSettings = {
				ALWAYS_SEARCH_USER_PATHS = NO;
				CLANG_ANALYZER_NONNULL = YES;
				CLANG_ANALYZER_NUMBER_OBJECT_CONVERSION = YES_AGGRESSIVE;
				CLANG_CXX_LANGUAGE_STANDARD = "gnu++14";
				CLANG_CXX_LIBRARY = "libc++";
				CLANG_ENABLE_MODULES = YES;
				CLANG_ENABLE_OBJC_ARC = YES;
				CLANG_ENABLE_OBJC_WEAK = YES;
				CLANG_WARN_BLOCK_CAPTURE_AUTORELEASING = YES;
				CLANG_WARN_BOOL_CONVERSION = YES;
				CLANG_WARN_COMMA = YES;
				CLANG_WARN_CONSTANT_CONVERSION = YES;
				CLANG_WARN_DEPRECATED_OBJC_IMPLEMENTATIONS = YES;
				CLANG_WARN_DIRECT_OBJC_ISA_USAGE = YES_ERROR;
				CLANG_WARN_DOCUMENTATION_COMMENTS = YES;
				CLANG_WARN_EMPTY_BODY = YES;
				CLANG_WARN_ENUM_CONVERSION = YES;
				CLANG_WARN_INFINITE_RECURSION = YES;
				CLANG_WARN_INT_CONVERSION = YES;
				CLANG_WARN_NON_LITERAL_NULL_CONVERSION = YES;
				CLANG_WARN_OBJC_IMPLICIT_RETAIN_SELF = YES;
				CLANG_WARN_OBJC_LITERAL_CONVERSION = YES;
				CLANG_WARN_OBJC_ROOT_CLASS = YES_ERROR;
				CLANG_WARN_RANGE_LOOP_ANALYSIS = YES;
				CLANG_WARN_STRICT_PROTOTYPES = YES;
				CLANG_WARN_SUSPICIOUS_MOVE = YES;
				CLANG_WARN_UNGUARDED_AVAILABILITY = YES_AGGRESSIVE;
				CLANG_WARN_UNREACHABLE_CODE = YES;
				CLANG_WARN__DUPLICATE_METHOD_MATCH = YES;
				CODE_SIGN_IDENTITY = "iPhone Developer";
				COPY_PHASE_STRIP = NO;
				DEBUG_INFORMATION_FORMAT = "dwarf-with-dsym";
				ENABLE_NS_ASSERTIONS = NO;
				ENABLE_STRICT_OBJC_MSGSEND = YES;
				GCC_C_LANGUAGE_STANDARD = gnu11;
				GCC_NO_COMMON_BLOCKS = YES;
				GCC_WARN_64_TO_32_BIT_CONVERSION = YES;
				GCC_WARN_ABOUT_RETURN_TYPE = YES_ERROR;
				GCC_WARN_UNDECLARED_SELECTOR = YES;
				GCC_WARN_UNINITIALIZED_AUTOS = YES_AGGRESSIVE;
				GCC_WARN_UNUSED_FUNCTION = YES;
				GCC_WARN_UNUSED_VARIABLE = YES;
				IPHONEOS_DEPLOYMENT_TARGET = 12.2;
				MTL_ENABLE_DEBUG_INFO = NO;
				MTL_FAST_MATH = YES;
				SDKROOT = iphoneos;
				SWIFT_COMPILATION_MODE = wholemodule;
				SWIFT_OPTIMIZATION_LEVEL = "-O";
				VALIDATE_PRODUCT = YES;
			};
			name = Release;
		};
		570AC858224DAD8E00F707DD /* Debug */ = {
			isa = XCBuildConfiguration;
			baseConfigurationReference = 07BCDA6E4FDF8E23033BA712 /* Pods-GoogleAds.debug.xcconfig */;
			buildSettings = {
				ASSETCATALOG_COMPILER_APPICON_NAME = AppIcon;
				CODE_SIGN_STYLE = Automatic;
				DEVELOPMENT_TEAM = X85Z42JGXF;
				INFOPLIST_FILE = GoogleAds/Info.plist;
				IPHONEOS_DEPLOYMENT_TARGET = 9.0;
				LD_RUNPATH_SEARCH_PATHS = "$(inherited) @executable_path/Frameworks";
				PRODUCT_BUNDLE_IDENTIFIER = com.personal.GoogleAds;
				PRODUCT_NAME = "$(TARGET_NAME)";
				SWIFT_VERSION = 5.0;
				TARGETED_DEVICE_FAMILY = "1,2";
			};
			name = Debug;
		};
		570AC859224DAD8E00F707DD /* Release */ = {
			isa = XCBuildConfiguration;
			baseConfigurationReference = C475110C2626300FEA8F41D2 /* Pods-GoogleAds.release.xcconfig */;
			buildSettings = {
				ASSETCATALOG_COMPILER_APPICON_NAME = AppIcon;
				CODE_SIGN_STYLE = Automatic;
				DEVELOPMENT_TEAM = X85Z42JGXF;
				INFOPLIST_FILE = GoogleAds/Info.plist;
				IPHONEOS_DEPLOYMENT_TARGET = 9.0;
				LD_RUNPATH_SEARCH_PATHS = "$(inherited) @executable_path/Frameworks";
				PRODUCT_BUNDLE_IDENTIFIER = com.personal.GoogleAds;
				PRODUCT_NAME = "$(TARGET_NAME)";
				SWIFT_VERSION = 5.0;
				TARGETED_DEVICE_FAMILY = "1,2";
			};
			name = Release;
		};
/* End XCBuildConfiguration section */

/* Begin XCConfigurationList section */
		570AC840224DAD8C00F707DD /* Build configuration list for PBXProject "GoogleAds" */ = {
			isa = XCConfigurationList;
			buildConfigurations = (
				570AC855224DAD8E00F707DD /* Debug */,
				570AC856224DAD8E00F707DD /* Release */,
			);
			defaultConfigurationIsVisible = 0;
			defaultConfigurationName = Release;
		};
		570AC857224DAD8E00F707DD /* Build configuration list for PBXNativeTarget "GoogleAds" */ = {
			isa = XCConfigurationList;
			buildConfigurations = (
				570AC858224DAD8E00F707DD /* Debug */,
				570AC859224DAD8E00F707DD /* Release */,
			);
			defaultConfigurationIsVisible = 0;
			defaultConfigurationName = Release;
		};
/* End XCConfigurationList section */
	};
	rootObject = 570AC83D224DAD8C00F707DD /* Project object */;
}
